
Microsoft Visual Studio Solution File, Format Version 12.00
# Visual Studio Version 17
VisualStudioVersion = 17.9.34902.65
MinimumVisualStudioVersion = 10.0.40219.1
Project("{9A19103F-16F7-4668-BE54-9A1E7A4F7556}") = "TrabalhoAed", "TrabalhoAed.csproj", "{794D7CBC-0966-4904-B0D1-35C1B391046B}"
EndProject
Global
	GlobalSection(SolutionConfigurationPlatforms) = preSolution
		Debug|Any CPU = Debug|Any CPU
		Release|Any CPU = Release|Any CPU
	EndGlobalSection
	GlobalSection(ProjectConfigurationPlatforms) = postSolution
		{794D7CBC-0966-4904-B0D1-35C1B391046B}.Debug|Any CPU.ActiveCfg = Debug|Any CPU
		{794D7CBC-0966-4904-B0D1-35C1B391046B}.Debug|Any CPU.Build.0 = Debug|Any CPU
		{794D7CBC-0966-4904-B0D1-35C1B391046B}.Release|Any CPU.ActiveCfg = Release|Any CPU
		{794D7CBC-0966-4904-B0D1-35C1B391046B}.Release|Any CPU.Build.0 = Release|Any CPU
	EndGlobalSection
	GlobalSection(SolutionProperties) = preSolution
		HideSolutionNode = FALSE
	EndGlobalSection
	GlobalSection(ExtensibilityGlobals) = postSolution
		SolutionGuid = {7E6BFB8C-E2BE-4FAF-9FEE-6364C6E6FA64}
	EndGlobalSection
EndGlobal
